
Microsoft Visual Studio Solution File, Format Version 12.00
# Visual Studio 2012
Project("{FAE04EC0-301F-11D3-BF4B-00C04F79EFBC}") = "FlowCtrl", "FlowCtrl\FlowCtrl.csproj", "{785B2C43-C3ED-4711-A5FC-69625B9BB2F4}"
EndProject
Project("{FAE04EC0-301F-11D3-BF4B-00C04F79EFBC}") = "FlowCtrl.Tests", "FlowCtrl.Tests\FlowCtrl.Tests.csproj", "{A9DF6EA3-FF46-4890-AF29-71FF1AC68E25}"
EndProject
Global
	GlobalSection(SolutionConfigurationPlatforms) = preSolution
		Debug|Any CPU = Debug|Any CPU
		Release|Any CPU = Release|Any CPU
	EndGlobalSection
	GlobalSection(ProjectConfigurationPlatforms) = postSolution
		{785B2C43-C3ED-4711-A5FC-69625B9BB2F4}.Debug|Any CPU.ActiveCfg = Debug|Any CPU
		{785B2C43-C3ED-4711-A5FC-69625B9BB2F4}.Debug|Any CPU.Build.0 = Debug|Any CPU
		{785B2C43-C3ED-4711-A5FC-69625B9BB2F4}.Release|Any CPU.ActiveCfg = Release|Any CPU
		{785B2C43-C3ED-4711-A5FC-69625B9BB2F4}.Release|Any CPU.Build.0 = Release|Any CPU
		{A9DF6EA3-FF46-4890-AF29-71FF1AC68E25}.Debug|Any CPU.ActiveCfg = Debug|Any CPU
		{A9DF6EA3-FF46-4890-AF29-71FF1AC68E25}.Debug|Any CPU.Build.0 = Debug|Any CPU
		{A9DF6EA3-FF46-4890-AF29-71FF1AC68E25}.Release|Any CPU.ActiveCfg = Release|Any CPU
		{A9DF6EA3-FF46-4890-AF29-71FF1AC68E25}.Release|Any CPU.Build.0 = Release|Any CPU
	EndGlobalSection
	GlobalSection(SolutionProperties) = preSolution
		HideSolutionNode = FALSE
	EndGlobalSection
EndGlobal
